
Microsoft Visual Studio Solution File, Format Version 12.00
# Visual Studio 2013
VisualStudioVersion = 12.0.21005.1
MinimumVisualStudioVersion = 10.0.40219.1
Project("{8BC9CEB8-8B4A-11D0-8D11-00A0C91BC942}") = "20160719_SelectionSort", "20160719_SelectionSort\20160719_SelectionSort.vcxproj", "{CF729BC2-FB15-4F34-B197-8AE6A85EB16D}"
EndProject
Project("{8BC9CEB8-8B4A-11D0-8D11-00A0C91BC942}") = "20160817_InsertionSort", "20160817_InsertionSort\20160817_InsertionSort.vcxproj", "{805DC307-9BE5-468E-B876-A04207FF60D4}"
EndProject
Project("{8BC9CEB8-8B4A-11D0-8D11-00A0C91BC942}") = "20160830_BubbleSort", "20160830_BubbleSort\20160830_BubbleSort.vcxproj", "{A237D080-386A-4542-8E5F-C35484B515CD}"
EndProject
Project("{8BC9CEB8-8B4A-11D0-8D11-00A0C91BC942}") = "20160831_ShellSort", "20160831_ShellSort\20160831_ShellSort.vcxproj", "{A29689CE-CCCC-4232-B9B1-5C399497D746}"
EndProject
Project("{8BC9CEB8-8B4A-11D0-8D11-00A0C91BC942}") = "20160906_QuickSort", "20160906_QuickSort\20160906_QuickSort.vcxproj", "{F2512B69-2AEE-40C9-9E40-0405E8680841}"
EndProject
Project("{2150E333-8FDC-42A3-9474-1A3956D46DE8}") = "Solution Items", "Solution Items", "{210540CD-D354-4E4C-ACB4-82C0384ABC8C}"
EndProject
Project("{8BC9CEB8-8B4A-11D0-8D11-00A0C91BC942}") = "20160907_HeapSort", "20160907_HeapSort\20160907_HeapSort.vcxproj", "{885D568B-CD70-4F27-A5F4-D1452954E7E6}"
EndProject
Project("{8BC9CEB8-8B4A-11D0-8D11-00A0C91BC942}") = "20160920_MergeSort", "20160920_MergeSort\20160920_MergeSort.vcxproj", "{D66CB27E-97D1-4FAF-9649-3A6251D8AF20}"
EndProject
Project("{8BC9CEB8-8B4A-11D0-8D11-00A0C91BC942}") = "20160927_RadixSort", "20160927_RadixSort\20160927_RadixSort.vcxproj", "{0F966680-8EDD-496A-B140-7CF0A2DE7C2C}"
EndProject
Project("{8BC9CEB8-8B4A-11D0-8D11-00A0C91BC942}") = "20160928_SortExeTime", "20160928_SortExeTime\20160928_SortExeTime.vcxproj", "{0EEA54C5-B350-4E5C-A46B-C481FBEA742D}"
EndProject
Project("{8BC9CEB8-8B4A-11D0-8D11-00A0C91BC942}") = "20161019_BinarySearch", "20161019_BinarySearch\20161019_BinarySearch.vcxproj", "{34034F00-0127-4721-A16B-769634798858}"
EndProject
Project("{8BC9CEB8-8B4A-11D0-8D11-00A0C91BC942}") = "20161025_FibonacciSearch", "20161025_FibonacciSearch\20161025_FibonacciSearch.vcxproj", "{2E6FD7AA-FB11-41C5-893A-B9A1954E9E91}"
EndProject
Project("{8BC9CEB8-8B4A-11D0-8D11-00A0C91BC942}") = "20161026_InterSearch", "20161026_InterSearch\20161026_InterSearch.vcxproj", "{D904DB70-48E0-47C2-890A-0850284FBAAB}"
EndProject
Project("{8BC9CEB8-8B4A-11D0-8D11-00A0C91BC942}") = "20161108_DepthFirstSearch", "20161108_DepthFirstSearch\20161108_DepthFirstSearch.vcxproj", "{B5692895-9940-4F20-8BD8-C739C41D110A}"
EndProject
Project("{8BC9CEB8-8B4A-11D0-8D11-00A0C91BC942}") = "20161115_DijkstraSearch", "20161115_DijkstraSearch\20161115_DijkstraSearch.vcxproj", "{44EB58A6-7FE0-4785-885F-890DC0E646DB}"
EndProject
Project("{8BC9CEB8-8B4A-11D0-8D11-00A0C91BC942}") = "20161109_BreadFirstSearch", "20161109_BreadFirstSearch\20161109_BreadFirstSearch.vcxproj", "{01E10072-15A7-43FD-AC64-5FFBA24292AE}"
EndProject
Project("{8BC9CEB8-8B4A-11D0-8D11-00A0C91BC942}") = "20161129_RePermutation", "20161129_RePermutation\20161129_RePermutation.vcxproj", "{CDEBCAAE-5287-481E-9748-072BD0C61929}"
EndProject
Global
	GlobalSection(SolutionConfigurationPlatforms) = preSolution
		Debug|Win32 = Debug|Win32
		Release|Win32 = Release|Win32
	EndGlobalSection
	GlobalSection(ProjectConfigurationPlatforms) = postSolution
		{CF729BC2-FB15-4F34-B197-8AE6A85EB16D}.Debug|Win32.ActiveCfg = Debug|Win32
		{CF729BC2-FB15-4F34-B197-8AE6A85EB16D}.Debug|Win32.Build.0 = Debug|Win32
		{CF729BC2-FB15-4F34-B197-8AE6A85EB16D}.Release|Win32.ActiveCfg = Release|Win32
		{CF729BC2-FB15-4F34-B197-8AE6A85EB16D}.Release|Win32.Build.0 = Release|Win32
		{805DC307-9BE5-468E-B876-A04207FF60D4}.Debug|Win32.ActiveCfg = Debug|Win32
		{805DC307-9BE5-468E-B876-A04207FF60D4}.Debug|Win32.Build.0 = Debug|Win32
		{805DC307-9BE5-468E-B876-A04207FF60D4}.Release|Win32.ActiveCfg = Release|Win32
		{805DC307-9BE5-468E-B876-A04207FF60D4}.Release|Win32.Build.0 = Release|Win32
		{A237D080-386A-4542-8E5F-C35484B515CD}.Debug|Win32.ActiveCfg = Debug|Win32
		{A237D080-386A-4542-8E5F-C35484B515CD}.Debug|Win32.Build.0 = Debug|Win32
		{A237D080-386A-4542-8E5F-C35484B515CD}.Release|Win32.ActiveCfg = Release|Win32
		{A237D080-386A-4542-8E5F-C35484B515CD}.Release|Win32.Build.0 = Release|Win32
		{A29689CE-CCCC-4232-B9B1-5C399497D746}.Debug|Win32.ActiveCfg = Debug|Win32
		{A29689CE-CCCC-4232-B9B1-5C399497D746}.Debug|Win32.Build.0 = Debug|Win32
		{A29689CE-CCCC-4232-B9B1-5C399497D746}.Release|Win32.ActiveCfg = Release|Win32
		{A29689CE-CCCC-4232-B9B1-5C399497D746}.Release|Win32.Build.0 = Release|Win32
		{F2512B69-2AEE-40C9-9E40-0405E8680841}.Debug|Win32.ActiveCfg = Debug|Win32
		{F2512B69-2AEE-40C9-9E40-0405E8680841}.Debug|Win32.Build.0 = Debug|Win32
		{F2512B69-2AEE-40C9-9E40-0405E8680841}.Release|Win32.ActiveCfg = Release|Win32
		{F2512B69-2AEE-40C9-9E40-0405E8680841}.Release|Win32.Build.0 = Release|Win32
		{885D568B-CD70-4F27-A5F4-D1452954E7E6}.Debug|Win32.ActiveCfg = Debug|Win32
		{885D568B-CD70-4F27-A5F4-D1452954E7E6}.Debug|Win32.Build.0 = Debug|Win32
		{885D568B-CD70-4F27-A5F4-D1452954E7E6}.Release|Win32.ActiveCfg = Release|Win32
		{885D568B-CD70-4F27-A5F4-D1452954E7E6}.Release|Win32.Build.0 = Release|Win32
		{D66CB27E-97D1-4FAF-9649-3A6251D8AF20}.Debug|Win32.ActiveCfg = Debug|Win32
		{D66CB27E-97D1-4FAF-9649-3A6251D8AF20}.Debug|Win32.Build.0 = Debug|Win32
		{D66CB27E-97D1-4FAF-9649-3A6251D8AF20}.Release|Win32.ActiveCfg = Release|Win32
		{D66CB27E-97D1-4FAF-9649-3A6251D8AF20}.Release|Win32.Build.0 = Release|Win32
		{0F966680-8EDD-496A-B140-7CF0A2DE7C2C}.Debug|Win32.ActiveCfg = Debug|Win32
		{0F966680-8EDD-496A-B140-7CF0A2DE7C2C}.Debug|Win32.Build.0 = Debug|Win32
		{0F966680-8EDD-496A-B140-7CF0A2DE7C2C}.Release|Win32.ActiveCfg = Release|Win32
		{0F966680-8EDD-496A-B140-7CF0A2DE7C2C}.Release|Win32.Build.0 = Release|Win32
		{0EEA54C5-B350-4E5C-A46B-C481FBEA742D}.Debug|Win32.ActiveCfg = Debug|Win32
		{0EEA54C5-B350-4E5C-A46B-C481FBEA742D}.Debug|Win32.Build.0 = Debug|Win32
		{0EEA54C5-B350-4E5C-A46B-C481FBEA742D}.Release|Win32.ActiveCfg = Release|Win32
		{0EEA54C5-B350-4E5C-A46B-C481FBEA742D}.Release|Win32.Build.0 = Release|Win32
		{34034F00-0127-4721-A16B-769634798858}.Debug|Win32.ActiveCfg = Debug|Win32
		{34034F00-0127-4721-A16B-769634798858}.Debug|Win32.Build.0 = Debug|Win32
		{34034F00-0127-4721-A16B-769634798858}.Release|Win32.ActiveCfg = Release|Win32
		{34034F00-0127-4721-A16B-769634798858}.Release|Win32.Build.0 = Release|Win32
		{2E6FD7AA-FB11-41C5-893A-B9A1954E9E91}.Debug|Win32.ActiveCfg = Debug|Win32
		{2E6FD7AA-FB11-41C5-893A-B9A1954E9E91}.Debug|Win32.Build.0 = Debug|Win32
		{2E6FD7AA-FB11-41C5-893A-B9A1954E9E91}.Release|Win32.ActiveCfg = Release|Win32
		{2E6FD7AA-FB11-41C5-893A-B9A1954E9E91}.Release|Win32.Build.0 = Release|Win32
		{D904DB70-48E0-47C2-890A-0850284FBAAB}.Debug|Win32.ActiveCfg = Debug|Win32
		{D904DB70-48E0-47C2-890A-0850284FBAAB}.Debug|Win32.Build.0 = Debug|Win32
		{D904DB70-48E0-47C2-890A-0850284FBAAB}.Release|Win32.ActiveCfg = Release|Win32
		{D904DB70-48E0-47C2-890A-0850284FBAAB}.Release|Win32.Build.0 = Release|Win32
		{B5692895-9940-4F20-8BD8-C739C41D110A}.Debug|Win32.ActiveCfg = Debug|Win32
		{B5692895-9940-4F20-8BD8-C739C41D110A}.Debug|Win32.Build.0 = Debug|Win32
		{B5692895-9940-4F20-8BD8-C739C41D110A}.Release|Win32.ActiveCfg = Release|Win32
		{B5692895-9940-4F20-8BD8-C739C41D110A}.Release|Win32.Build.0 = Release|Win32
		{44EB58A6-7FE0-4785-885F-890DC0E646DB}.Debug|Win32.ActiveCfg = Debug|Win32
		{44EB58A6-7FE0-4785-885F-890DC0E646DB}.Debug|Win32.Build.0 = Debug|Win32
		{44EB58A6-7FE0-4785-885F-890DC0E646DB}.Release|Win32.ActiveCfg = Release|Win32
		{44EB58A6-7FE0-4785-885F-890DC0E646DB}.Release|Win32.Build.0 = Release|Win32
		{01E10072-15A7-43FD-AC64-5FFBA24292AE}.Debug|Win32.ActiveCfg = Debug|Win32
		{01E10072-15A7-43FD-AC64-5FFBA24292AE}.Debug|Win32.Build.0 = Debug|Win32
		{01E10072-15A7-43FD-AC64-5FFBA24292AE}.Release|Win32.ActiveCfg = Release|Win32
		{01E10072-15A7-43FD-AC64-5FFBA24292AE}.Release|Win32.Build.0 = Release|Win32
		{CDEBCAAE-5287-481E-9748-072BD0C61929}.Debug|Win32.ActiveCfg = Debug|Win32
		{CDEBCAAE-5287-481E-9748-072BD0C61929}.Debug|Win32.Build.0 = Debug|Win32
		{CDEBCAAE-5287-481E-9748-072BD0C61929}.Release|Win32.ActiveCfg = Release|Win32
		{CDEBCAAE-5287-481E-9748-072BD0C61929}.Release|Win32.Build.0 = Release|Win32
	EndGlobalSection
	GlobalSection(SolutionProperties) = preSolution
		HideSolutionNode = FALSE
	EndGlobalSection
EndGlobal
