
Microsoft Visual Studio Solution File, Format Version 12.00
# Visual Studio 2013
VisualStudioVersion = 12.0.21005.1
MinimumVisualStudioVersion = 10.0.40219.1
Project("{8BC9CEB8-8B4A-11D0-8D11-00A0C91BC942}") = "20160329_hanoi", "20160329\20160329.vcxproj", "{BF884C42-B07A-4782-B04E-9A2D001FC89F}"
EndProject
Project("{8BC9CEB8-8B4A-11D0-8D11-00A0C91BC942}") = "20160405_linked", "20160405\20160405.vcxproj", "{F3AEEBFE-23C3-4C8B-93E9-2CA6FA6D1792}"
EndProject
Project("{8BC9CEB8-8B4A-11D0-8D11-00A0C91BC942}") = "20160406_array", "20160406_array\20160406_array.vcxproj", "{8C20FE99-ECAF-444E-8E48-5C8175F949C7}"
EndProject
Project("{8BC9CEB8-8B4A-11D0-8D11-00A0C91BC942}") = "20160412_polynomial", "20160412_polynomial\20160412_polynomial.vcxproj", "{8DB4D30B-A2CB-4EAB-869B-4CF6650A4368}"
EndProject
Project("{8BC9CEB8-8B4A-11D0-8D11-00A0C91BC942}") = "20160415_stack", "20160415_stack\20160415_stack.vcxproj", "{F2A0817C-A338-40BD-AB2B-2D1C1AEAA472}"
EndProject
Project("{8BC9CEB8-8B4A-11D0-8D11-00A0C91BC942}") = "20160503_circular_queue", "20160503_circular_queue\20160503_circular_queue.vcxproj", "{96BC37B3-B176-4081-8859-2373A9F4CBB3}"
EndProject
Project("{8BC9CEB8-8B4A-11D0-8D11-00A0C91BC942}") = "20160510_QueueLinkedList", "20160510_QueueLinkedList\20160510_QueueLinkedList.vcxproj", "{3934A77D-54B7-4A70-BECA-18DD9F312C88}"
EndProject
Project("{8BC9CEB8-8B4A-11D0-8D11-00A0C91BC942}") = "20160524_BinaryTree", "20160524_BinaryTree\20160524_BinaryTree.vcxproj", "{87BEB13A-E552-40A8-8C70-439BFE15F4A7}"
EndProject
Project("{8BC9CEB8-8B4A-11D0-8D11-00A0C91BC942}") = "20160601_BinaryTreeTraversal", "20160601_BinaryTreeTraversal\20160601_BinaryTreeTraversal.vcxproj", "{2AA6C245-88E6-4436-AAF1-D69AEF3FE329}"
EndProject
Project("{8BC9CEB8-8B4A-11D0-8D11-00A0C91BC942}") = "20160607_BinaryTreeArray", "20160607_BinaryTreeArray\20160607_BinaryTreeArray.vcxproj", "{1AC6FFDC-9360-45ED-9B41-C0C8EC9A9430}"
EndProject
Project("{8BC9CEB8-8B4A-11D0-8D11-00A0C91BC942}") = "20160614_adjGraph", "20160614_adjGraph\20160614_adjGraph.vcxproj", "{108D0357-6502-45A7-8C79-FFB7118FCBC6}"
EndProject
Project("{8BC9CEB8-8B4A-11D0-8D11-00A0C91BC942}") = "20160621_test", "20160621_test\20160621_test.vcxproj", "{0907799C-1880-46C3-96E3-B2D8102E5B66}"
EndProject
Project("{8BC9CEB8-8B4A-11D0-8D11-00A0C91BC942}") = "20160628_GraphLinkedList", "20160628_GraphLinkedList\20160628_GraphLinkedList.vcxproj", "{3E7C70DC-F47F-45F9-AC83-CD4E16CCE1BA}"
EndProject
Global
	GlobalSection(SolutionConfigurationPlatforms) = preSolution
		Debug|Win32 = Debug|Win32
		Release|Win32 = Release|Win32
	EndGlobalSection
	GlobalSection(ProjectConfigurationPlatforms) = postSolution
		{BF884C42-B07A-4782-B04E-9A2D001FC89F}.Debug|Win32.ActiveCfg = Debug|Win32
		{BF884C42-B07A-4782-B04E-9A2D001FC89F}.Debug|Win32.Build.0 = Debug|Win32
		{BF884C42-B07A-4782-B04E-9A2D001FC89F}.Release|Win32.ActiveCfg = Release|Win32
		{BF884C42-B07A-4782-B04E-9A2D001FC89F}.Release|Win32.Build.0 = Release|Win32
		{F3AEEBFE-23C3-4C8B-93E9-2CA6FA6D1792}.Debug|Win32.ActiveCfg = Debug|Win32
		{F3AEEBFE-23C3-4C8B-93E9-2CA6FA6D1792}.Debug|Win32.Build.0 = Debug|Win32
		{F3AEEBFE-23C3-4C8B-93E9-2CA6FA6D1792}.Release|Win32.ActiveCfg = Release|Win32
		{F3AEEBFE-23C3-4C8B-93E9-2CA6FA6D1792}.Release|Win32.Build.0 = Release|Win32
		{8C20FE99-ECAF-444E-8E48-5C8175F949C7}.Debug|Win32.ActiveCfg = Debug|Win32
		{8C20FE99-ECAF-444E-8E48-5C8175F949C7}.Debug|Win32.Build.0 = Debug|Win32
		{8C20FE99-ECAF-444E-8E48-5C8175F949C7}.Release|Win32.ActiveCfg = Release|Win32
		{8C20FE99-ECAF-444E-8E48-5C8175F949C7}.Release|Win32.Build.0 = Release|Win32
		{8DB4D30B-A2CB-4EAB-869B-4CF6650A4368}.Debug|Win32.ActiveCfg = Debug|Win32
		{8DB4D30B-A2CB-4EAB-869B-4CF6650A4368}.Debug|Win32.Build.0 = Debug|Win32
		{8DB4D30B-A2CB-4EAB-869B-4CF6650A4368}.Release|Win32.ActiveCfg = Release|Win32
		{8DB4D30B-A2CB-4EAB-869B-4CF6650A4368}.Release|Win32.Build.0 = Release|Win32
		{F2A0817C-A338-40BD-AB2B-2D1C1AEAA472}.Debug|Win32.ActiveCfg = Debug|Win32
		{F2A0817C-A338-40BD-AB2B-2D1C1AEAA472}.Debug|Win32.Build.0 = Debug|Win32
		{F2A0817C-A338-40BD-AB2B-2D1C1AEAA472}.Release|Win32.ActiveCfg = Release|Win32
		{F2A0817C-A338-40BD-AB2B-2D1C1AEAA472}.Release|Win32.Build.0 = Release|Win32
		{96BC37B3-B176-4081-8859-2373A9F4CBB3}.Debug|Win32.ActiveCfg = Debug|Win32
		{96BC37B3-B176-4081-8859-2373A9F4CBB3}.Debug|Win32.Build.0 = Debug|Win32
		{96BC37B3-B176-4081-8859-2373A9F4CBB3}.Release|Win32.ActiveCfg = Release|Win32
		{96BC37B3-B176-4081-8859-2373A9F4CBB3}.Release|Win32.Build.0 = Release|Win32
		{3934A77D-54B7-4A70-BECA-18DD9F312C88}.Debug|Win32.ActiveCfg = Debug|Win32
		{3934A77D-54B7-4A70-BECA-18DD9F312C88}.Debug|Win32.Build.0 = Debug|Win32
		{3934A77D-54B7-4A70-BECA-18DD9F312C88}.Release|Win32.ActiveCfg = Release|Win32
		{3934A77D-54B7-4A70-BECA-18DD9F312C88}.Release|Win32.Build.0 = Release|Win32
		{87BEB13A-E552-40A8-8C70-439BFE15F4A7}.Debug|Win32.ActiveCfg = Debug|Win32
		{87BEB13A-E552-40A8-8C70-439BFE15F4A7}.Debug|Win32.Build.0 = Debug|Win32
		{87BEB13A-E552-40A8-8C70-439BFE15F4A7}.Release|Win32.ActiveCfg = Release|Win32
		{87BEB13A-E552-40A8-8C70-439BFE15F4A7}.Release|Win32.Build.0 = Release|Win32
		{2AA6C245-88E6-4436-AAF1-D69AEF3FE329}.Debug|Win32.ActiveCfg = Debug|Win32
		{2AA6C245-88E6-4436-AAF1-D69AEF3FE329}.Debug|Win32.Build.0 = Debug|Win32
		{2AA6C245-88E6-4436-AAF1-D69AEF3FE329}.Release|Win32.ActiveCfg = Release|Win32
		{2AA6C245-88E6-4436-AAF1-D69AEF3FE329}.Release|Win32.Build.0 = Release|Win32
		{1AC6FFDC-9360-45ED-9B41-C0C8EC9A9430}.Debug|Win32.ActiveCfg = Debug|Win32
		{1AC6FFDC-9360-45ED-9B41-C0C8EC9A9430}.Debug|Win32.Build.0 = Debug|Win32
		{1AC6FFDC-9360-45ED-9B41-C0C8EC9A9430}.Release|Win32.ActiveCfg = Release|Win32
		{1AC6FFDC-9360-45ED-9B41-C0C8EC9A9430}.Release|Win32.Build.0 = Release|Win32
		{108D0357-6502-45A7-8C79-FFB7118FCBC6}.Debug|Win32.ActiveCfg = Debug|Win32
		{108D0357-6502-45A7-8C79-FFB7118FCBC6}.Debug|Win32.Build.0 = Debug|Win32
		{108D0357-6502-45A7-8C79-FFB7118FCBC6}.Release|Win32.ActiveCfg = Release|Win32
		{108D0357-6502-45A7-8C79-FFB7118FCBC6}.Release|Win32.Build.0 = Release|Win32
		{0907799C-1880-46C3-96E3-B2D8102E5B66}.Debug|Win32.ActiveCfg = Debug|Win32
		{0907799C-1880-46C3-96E3-B2D8102E5B66}.Debug|Win32.Build.0 = Debug|Win32
		{0907799C-1880-46C3-96E3-B2D8102E5B66}.Release|Win32.ActiveCfg = Release|Win32
		{0907799C-1880-46C3-96E3-B2D8102E5B66}.Release|Win32.Build.0 = Release|Win32
		{3E7C70DC-F47F-45F9-AC83-CD4E16CCE1BA}.Debug|Win32.ActiveCfg = Debug|Win32
		{3E7C70DC-F47F-45F9-AC83-CD4E16CCE1BA}.Debug|Win32.Build.0 = Debug|Win32
		{3E7C70DC-F47F-45F9-AC83-CD4E16CCE1BA}.Release|Win32.ActiveCfg = Release|Win32
		{3E7C70DC-F47F-45F9-AC83-CD4E16CCE1BA}.Release|Win32.Build.0 = Release|Win32
	EndGlobalSection
	GlobalSection(SolutionProperties) = preSolution
		HideSolutionNode = FALSE
	EndGlobalSection
EndGlobal
